// !$*UTF8*$!
{
	archiveVersion = 1;
	classes = {
	};
	objectVersion = 46;
	objects = {

/* Begin PBXBuildFile section */
		65C950B518E8FC85000354C9 /* Foundation.framework in Frameworks */ = {isa = PBXBuildFile; fileRef = 65C950B418E8FC85000354C9 /* Foundation.framework */; };
		65C950B718E8FC85000354C9 /* CoreGraphics.framework in Frameworks */ = {isa = PBXBuildFile; fileRef = 65C950B618E8FC85000354C9 /* CoreGraphics.framework */; };
		65C950B918E8FC85000354C9 /* UIKit.framework in Frameworks */ = {isa = PBXBuildFile; fileRef = 65C950B818E8FC85000354C9 /* UIKit.framework */; };
		65C950BF18E8FC86000354C9 /* InfoPlist.strings in Resources */ = {isa = PBXBuildFile; fileRef = 65C950BD18E8FC85000354C9 /* InfoPlist.strings */; };
		65C950C118E8FC86000354C9 /* main.m in Sources */ = {isa = PBXBuildFile; fileRef = 65C950C018E8FC86000354C9 /* main.m */; };
		65C950C518E8FC86000354C9 /* AppDelegate.m in Sources */ = {isa = PBXBuildFile; fileRef = 65C950C418E8FC86000354C9 /* AppDelegate.m */; };
		65C950C818E8FC86000354C9 /* Main.storyboard in Resources */ = {isa = PBXBuildFile; fileRef = 65C950C618E8FC86000354C9 /* Main.storyboard */; };
		65C950CB18E8FC86000354C9 /* ViewController.m in Sources */ = {isa = PBXBuildFile; fileRef = 65C950CA18E8FC86000354C9 /* ViewController.m */; };
		65C950CD18E8FC86000354C9 /* Images.xcassets in Resources */ = {isa = PBXBuildFile; fileRef = 65C950CC18E8FC86000354C9 /* Images.xcassets */; };
		65C950D418E8FC86000354C9 /* XCTest.framework in Frameworks */ = {isa = PBXBuildFile; fileRef = 65C950D318E8FC86000354C9 /* XCTest.framework */; };
		65C950D518E8FC86000354C9 /* Foundation.framework in Frameworks */ = {isa = PBXBuildFile; fileRef = 65C950B418E8FC85000354C9 /* Foundation.framework */; };
		65C950D618E8FC86000354C9 /* UIKit.framework in Frameworks */ = {isa = PBXBuildFile; fileRef = 65C950B818E8FC85000354C9 /* UIKit.framework */; };
		65C950DE18E8FC86000354C9 /* InfoPlist.strings in Resources */ = {isa = PBXBuildFile; fileRef = 65C950DC18E8FC86000354C9 /* InfoPlist.strings */; };
		65C950E018E8FC86000354C9 /* StoreSearchTests.m in Sources */ = {isa = PBXBuildFile; fileRef = 65C950DF18E8FC86000354C9 /* StoreSearchTests.m */; };
/* End PBXBuildFile section */

/* Begin PBXContainerItemProxy section */
		65C950D718E8FC86000354C9 /* PBXContainerItemProxy */ = {
			isa = PBXContainerItemProxy;
			containerPortal = 65C950A918E8FC85000354C9 /* Project object */;
			proxyType = 1;
			remoteGlobalIDString = 65C950B018E8FC85000354C9;
			remoteInfo = StoreSearch;
		};
/* End PBXContainerItemProxy section */

/* Begin PBXFileReference section */
		65C950B118E8FC85000354C9 /* StoreSearch.app */ = {isa = PBXFileReference; explicitFileType = wrapper.application; includeInIndex = 0; path = StoreSearch.app; sourceTree = BUILT_PRODUCTS_DIR; };
		65C950B418E8FC85000354C9 /* Foundation.framework */ = {isa = PBXFileReference; lastKnownFileType = wrapper.framework; name = Foundation.framework; path = System/Library/Frameworks/Foundation.framework; sourceTree = SDKROOT; };
		65C950B618E8FC85000354C9 /* CoreGraphics.framework */ = {isa = PBXFileReference; lastKnownFileType = wrapper.framework; name = CoreGraphics.framework; path = System/Library/Frameworks/CoreGraphics.framework; sourceTree = SDKROOT; };
		65C950B818E8FC85000354C9 /* UIKit.framework */ = {isa = PBXFileReference; lastKnownFileType = wrapper.framework; name = UIKit.framework; path = System/Library/Frameworks/UIKit.framework; sourceTree = SDKROOT; };
		65C950BC18E8FC85000354C9 /* StoreSearch-Info.plist */ = {isa = PBXFileReference; lastKnownFileType = text.plist.xml; path = "StoreSearch-Info.plist"; sourceTree = "<group>"; };
		65C950BE18E8FC85000354C9 /* en */ = {isa = PBXFileReference; lastKnownFileType = text.plist.strings; name = en; path = en.lproj/InfoPlist.strings; sourceTree = "<group>"; };
		65C950C018E8FC86000354C9 /* main.m */ = {isa = PBXFileReference; lastKnownFileType = sourcecode.c.objc; path = main.m; sourceTree = "<group>"; };
		65C950C218E8FC86000354C9 /* StoreSearch-Prefix.pch */ = {isa = PBXFileReference; lastKnownFileType = sourcecode.c.h; path = "StoreSearch-Prefix.pch"; sourceTree = "<group>"; };
		65C950C318E8FC86000354C9 /* AppDelegate.h */ = {isa = PBXFileReference; lastKnownFileType = sourcecode.c.h; path = AppDelegate.h; sourceTree = "<group>"; };
		65C950C418E8FC86000354C9 /* AppDelegate.m */ = {isa = PBXFileReference; lastKnownFileType = sourcecode.c.objc; path = AppDelegate.m; sourceTree = "<group>"; };
		65C950C718E8FC86000354C9 /* Base */ = {isa = PBXFileReference; lastKnownFileType = file.storyboard; name = Base; path = Base.lproj/Main.storyboard; sourceTree = "<group>"; };
		65C950C918E8FC86000354C9 /* ViewController.h */ = {isa = PBXFileReference; lastKnownFileType = sourcecode.c.h; path = ViewController.h; sourceTree = "<group>"; };
		65C950CA18E8FC86000354C9 /* ViewController.m */ = {isa = PBXFileReference; lastKnownFileType = sourcecode.c.objc; path = ViewController.m; sourceTree = "<group>"; };
		65C950CC18E8FC86000354C9 /* Images.xcassets */ = {isa = PBXFileReference; lastKnownFileType = folder.assetcatalog; path = Images.xcassets; sourceTree = "<group>"; };
		65C950D218E8FC86000354C9 /* StoreSearchTests.xctest */ = {isa = PBXFileReference; explicitFileType = wrapper.cfbundle; includeInIndex = 0; path = StoreSearchTests.xctest; sourceTree = BUILT_PRODUCTS_DIR; };
		65C950D318E8FC86000354C9 /* XCTest.framework */ = {isa = PBXFileReference; lastKnownFileType = wrapper.framework; name = XCTest.framework; path = Library/Frameworks/XCTest.framework; sourceTree = DEVELOPER_DIR; };
		65C950DB18E8FC86000354C9 /* StoreSearchTests-Info.plist */ = {isa = PBXFileReference; lastKnownFileType = text.plist.xml; path = "StoreSearchTests-Info.plist"; sourceTree = "<group>"; };
		65C950DD18E8FC86000354C9 /* en */ = {isa = PBXFileReference; lastKnownFileType = text.plist.strings; name = en; path = en.lproj/InfoPlist.strings; sourceTree = "<group>"; };
		65C950DF18E8FC86000354C9 /* StoreSearchTests.m */ = {isa = PBXFileReference; lastKnownFileType = sourcecode.c.objc; path = StoreSearchTests.m; sourceTree = "<group>"; };
/* End PBXFileReference section */

/* Begin PBXFrameworksBuildPhase section */
		65C950AE18E8FC85000354C9 /* Frameworks */ = {
			isa = PBXFrameworksBuildPhase;
			buildActionMask = 2147483647;
			files = (
				65C950B718E8FC85000354C9 /* CoreGraphics.framework in Frameworks */,
				65C950B918E8FC85000354C9 /* UIKit.framework in Frameworks */,
				65C950B518E8FC85000354C9 /* Foundation.framework in Frameworks */,
			);
			runOnlyForDeploymentPostprocessing = 0;
		};
		65C950CF18E8FC86000354C9 /* Frameworks */ = {
			isa = PBXFrameworksBuildPhase;
			buildActionMask = 2147483647;
			files = (
				65C950D418E8FC86000354C9 /* XCTest.framework in Frameworks */,
				65C950D618E8FC86000354C9 /* UIKit.framework in Frameworks */,
				65C950D518E8FC86000354C9 /* Foundation.framework in Frameworks */,
			);
			runOnlyForDeploymentPostprocessing = 0;
		};
/* End PBXFrameworksBuildPhase section */

/* Begin PBXGroup section */
		65C950A818E8FC85000354C9 = {
			isa = PBXGroup;
			children = (
				65C950BA18E8FC85000354C9 /* StoreSearch */,
				65C950D918E8FC86000354C9 /* StoreSearchTests */,
				65C950B318E8FC85000354C9 /* Frameworks */,
				65C950B218E8FC85000354C9 /* Products */,
			);
			sourceTree = "<group>";
		};
		65C950B218E8FC85000354C9 /* Products */ = {
			isa = PBXGroup;
			children = (
				65C950B118E8FC85000354C9 /* StoreSearch.app */,
				65C950D218E8FC86000354C9 /* StoreSearchTests.xctest */,
			);
			name = Products;
			sourceTree = "<group>";
		};
		65C950B318E8FC85000354C9 /* Frameworks */ = {
			isa = PBXGroup;
			children = (
				65C950B418E8FC85000354C9 /* Foundation.framework */,
				65C950B618E8FC85000354C9 /* CoreGraphics.framework */,
				65C950B818E8FC85000354C9 /* UIKit.framework */,
				65C950D318E8FC86000354C9 /* XCTest.framework */,
			);
			name = Frameworks;
			sourceTree = "<group>";
		};
		65C950BA18E8FC85000354C9 /* StoreSearch */ = {
			isa = PBXGroup;
			children = (
				65C950C318E8FC86000354C9 /* AppDelegate.h */,
				65C950C418E8FC86000354C9 /* AppDelegate.m */,
				65C950C618E8FC86000354C9 /* Main.storyboard */,
				65C950C918E8FC86000354C9 /* ViewController.h */,
				65C950CA18E8FC86000354C9 /* ViewController.m */,
				65C950CC18E8FC86000354C9 /* Images.xcassets */,
				65C950BB18E8FC85000354C9 /* Supporting Files */,
			);
			path = StoreSearch;
			sourceTree = "<group>";
		};
		65C950BB18E8FC85000354C9 /* Supporting Files */ = {
			isa = PBXGroup;
			children = (
				65C950BC18E8FC85000354C9 /* StoreSearch-Info.plist */,
				65C950BD18E8FC85000354C9 /* InfoPlist.strings */,
				65C950C018E8FC86000354C9 /* main.m */,
				65C950C218E8FC86000354C9 /* StoreSearch-Prefix.pch */,
			);
			name = "Supporting Files";
			sourceTree = "<group>";
		};
		65C950D918E8FC86000354C9 /* StoreSearchTests */ = {
			isa = PBXGroup;
			children = (
				65C950DF18E8FC86000354C9 /* StoreSearchTests.m */,
				65C950DA18E8FC86000354C9 /* Supporting Files */,
			);
			path = StoreSearchTests;
			sourceTree = "<group>";
		};
		65C950DA18E8FC86000354C9 /* Supporting Files */ = {
			isa = PBXGroup;
			children = (
				65C950DB18E8FC86000354C9 /* StoreSearchTests-Info.plist */,
				65C950DC18E8FC86000354C9 /* InfoPlist.strings */,
			);
			name = "Supporting Files";
			sourceTree = "<group>";
		};
/* End PBXGroup section */

/* Begin PBXNativeTarget section */
		65C950B018E8FC85000354C9 /* StoreSearch */ = {
			isa = PBXNativeTarget;
			buildConfigurationList = 65C950E318E8FC86000354C9 /* Build configuration list for PBXNativeTarget "StoreSearch" */;
			buildPhases = (
				65C950AD18E8FC85000354C9 /* Sources */,
				65C950AE18E8FC85000354C9 /* Frameworks */,
				65C950AF18E8FC85000354C9 /* Resources */,
			);
			buildRules = (
			);
			dependencies = (
			);
			name = StoreSearch;
			productName = StoreSearch;
			productReference = 65C950B118E8FC85000354C9 /* StoreSearch.app */;
			productType = "com.apple.product-type.application";
		};
		65C950D118E8FC86000354C9 /* StoreSearchTests */ = {
			isa = PBXNativeTarget;
			buildConfigurationList = 65C950E618E8FC86000354C9 /* Build configuration list for PBXNativeTarget "StoreSearchTests" */;
			buildPhases = (
				65C950CE18E8FC86000354C9 /* Sources */,
				65C950CF18E8FC86000354C9 /* Frameworks */,
				65C950D018E8FC86000354C9 /* Resources */,
			);
			buildRules = (
			);
			dependencies = (
				65C950D818E8FC86000354C9 /* PBXTargetDependency */,
			);
			name = StoreSearchTests;
			productName = StoreSearchTests;
			productReference = 65C950D218E8FC86000354C9 /* StoreSearchTests.xctest */;
			productType = "com.apple.product-type.bundle.unit-test";
		};
/* End PBXNativeTarget section */

/* Begin PBXProject section */
		65C950A918E8FC85000354C9 /* Project object */ = {
			isa = PBXProject;
			attributes = {
				LastUpgradeCheck = 0510;
				ORGANIZATIONNAME = "Two Cavemen LLC";
				TargetAttributes = {
					65C950D118E8FC86000354C9 = {
						TestTargetID = 65C950B018E8FC85000354C9;
					};
				};
			};
			buildConfigurationList = 65C950AC18E8FC85000354C9 /* Build configuration list for PBXProject "StoreSearch" */;
			compatibilityVersion = "Xcode 3.2";
			developmentRegion = English;
			hasScannedForEncodings = 0;
			knownRegions = (
				en,
				Base,
			);
			mainGroup = 65C950A818E8FC85000354C9;
			productRefGroup = 65C950B218E8FC85000354C9 /* Products */;
			projectDirPath = "";
			projectRoot = "";
			targets = (
				65C950B018E8FC85000354C9 /* StoreSearch */,
				65C950D118E8FC86000354C9 /* StoreSearchTests */,
			);
		};
/* End PBXProject section */

/* Begin PBXResourcesBuildPhase section */
		65C950AF18E8FC85000354C9 /* Resources */ = {
			isa = PBXResourcesBuildPhase;
			buildActionMask = 2147483647;
			files = (
				65C950CD18E8FC86000354C9 /* Images.xcassets in Resources */,
				65C950BF18E8FC86000354C9 /* InfoPlist.strings in Resources */,
				65C950C818E8FC86000354C9 /* Main.storyboard in Resources */,
			);
			runOnlyForDeploymentPostprocessing = 0;
		};
		65C950D018E8FC86000354C9 /* Resources */ = {
			isa = PBXResourcesBuildPhase;
			buildActionMask = 2147483647;
			files = (
				65C950DE18E8FC86000354C9 /* InfoPlist.strings in Resources */,
			);
			runOnlyForDeploymentPostprocessing = 0;
		};
/* End PBXResourcesBuildPhase section */

/* Begin PBXSourcesBuildPhase section */
		65C950AD18E8FC85000354C9 /* Sources */ = {
			isa = PBXSourcesBuildPhase;
			buildActionMask = 2147483647;
			files = (
				65C950CB18E8FC86000354C9 /* ViewController.m in Sources */,
				65C950C518E8FC86000354C9 /* AppDelegate.m in Sources */,
				65C950C118E8FC86000354C9 /* main.m in Sources */,
			);
			runOnlyForDeploymentPostprocessing = 0;
		};
		65C950CE18E8FC86000354C9 /* Sources */ = {
			isa = PBXSourcesBuildPhase;
			buildActionMask = 2147483647;
			files = (
				65C950E018E8FC86000354C9 /* StoreSearchTests.m in Sources */,
			);
			runOnlyForDeploymentPostprocessing = 0;
		};
/* End PBXSourcesBuildPhase section */

/* Begin PBXTargetDependency section */
		65C950D818E8FC86000354C9 /* PBXTargetDependency */ = {
			isa = PBXTargetDependency;
			target = 65C950B018E8FC85000354C9 /* StoreSearch */;
			targetProxy = 65C950D718E8FC86000354C9 /* PBXContainerItemProxy */;
		};
/* End PBXTargetDependency section */

/* Begin PBXVariantGroup section */
		65C950BD18E8FC85000354C9 /* InfoPlist.strings */ = {
			isa = PBXVariantGroup;
			children = (
				65C950BE18E8FC85000354C9 /* en */,
			);
			name = InfoPlist.strings;
			sourceTree = "<group>";
		};
		65C950C618E8FC86000354C9 /* Main.storyboard */ = {
			isa = PBXVariantGroup;
			children = (
				65C950C718E8FC86000354C9 /* Base */,
			);
			name = Main.storyboard;
			sourceTree = "<group>";
		};
		65C950DC18E8FC86000354C9 /* InfoPlist.strings */ = {
			isa = PBXVariantGroup;
			children = (
				65C950DD18E8FC86000354C9 /* en */,
			);
			name = InfoPlist.strings;
			sourceTree = "<group>";
		};
/* End PBXVariantGroup section */

/* Begin XCBuildConfiguration section */
		65C950E118E8FC86000354C9 /* Debug */ = {
			isa = XCBuildConfiguration;
			buildSettings = {
				ALWAYS_SEARCH_USER_PATHS = NO;
				CLANG_CXX_LANGUAGE_STANDARD = "gnu++0x";
				CLANG_CXX_LIBRARY = "libc++";
				CLANG_ENABLE_MODULES = YES;
				CLANG_ENABLE_OBJC_ARC = YES;
				CLANG_WARN_BOOL_CONVERSION = YES;
				CLANG_WARN_CONSTANT_CONVERSION = YES;
				CLANG_WARN_DIRECT_OBJC_ISA_USAGE = YES_ERROR;
				CLANG_WARN_EMPTY_BODY = YES;
				CLANG_WARN_ENUM_CONVERSION = YES;
				CLANG_WARN_INT_CONVERSION = YES;
				CLANG_WARN_OBJC_ROOT_CLASS = YES_ERROR;
				CLANG_WARN__DUPLICATE_METHOD_MATCH = YES;
				"CODE_SIGN_IDENTITY[sdk=iphoneos*]" = "iPhone Developer";
				COPY_PHASE_STRIP = NO;
				GCC_C_LANGUAGE_STANDARD = gnu99;
				GCC_DYNAMIC_NO_PIC = NO;
				GCC_OPTIMIZATION_LEVEL = 0;
				GCC_PREPROCESSOR_DEFINITIONS = (
					"DEBUG=1",
					"$(inherited)",
				);
				GCC_SYMBOLS_PRIVATE_EXTERN = NO;
				GCC_WARN_64_TO_32_BIT_CONVERSION = YES;
				GCC_WARN_ABOUT_RETURN_TYPE = YES_ERROR;
				GCC_WARN_UNDECLARED_SELECTOR = YES;
				GCC_WARN_UNINITIALIZED_AUTOS = YES_AGGRESSIVE;
				GCC_WARN_UNUSED_FUNCTION = YES;
				GCC_WARN_UNUSED_VARIABLE = YES;
				IPHONEOS_DEPLOYMENT_TARGET = 7.1;
				ONLY_ACTIVE_ARCH = YES;
				SDKROOT = iphoneos;
			};
			name = Debug;
		};
		65C950E218E8FC86000354C9 /* Release */ = {
			isa = XCBuildConfiguration;
			buildSettings = {
				ALWAYS_SEARCH_USER_PATHS = NO;
				CLANG_CXX_LANGUAGE_STANDARD = "gnu++0x";
				CLANG_CXX_LIBRARY = "libc++";
				CLANG_ENABLE_MODULES = YES;
				CLANG_ENABLE_OBJC_ARC = YES;
				CLANG_WARN_BOOL_CONVERSION = YES;
				CLANG_WARN_CONSTANT_CONVERSION = YES;
				CLANG_WARN_DIRECT_OBJC_ISA_USAGE = YES_ERROR;
				CLANG_WARN_EMPTY_BODY = YES;
				CLANG_WARN_ENUM_CONVERSION = YES;
				CLANG_WARN_INT_CONVERSION = YES;
				CLANG_WARN_OBJC_ROOT_CLASS = YES_ERROR;
				CLANG_WARN__DUPLICATE_METHOD_MATCH = YES;
				"CODE_SIGN_IDENTITY[sdk=iphoneos*]" = "iPhone Developer";
				COPY_PHASE_STRIP = YES;
				ENABLE_NS_ASSERTIONS = NO;
				GCC_C_LANGUAGE_STANDARD = gnu99;
				GCC_WARN_64_TO_32_BIT_CONVERSION = YES;
				GCC_WARN_ABOUT_RETURN_TYPE = YES_ERROR;
				GCC_WARN_UNDECLARED_SELECTOR = YES;
				GCC_WARN_UNINITIALIZED_AUTOS = YES_AGGRESSIVE;
				GCC_WARN_UNUSED_FUNCTION = YES;
				GCC_WARN_UNUSED_VARIABLE = YES;
				IPHONEOS_DEPLOYMENT_TARGET = 7.1;
				SDKROOT = iphoneos;
				VALIDATE_PRODUCT = YES;
			};
			name = Release;
		};
		65C950E418E8FC86000354C9 /* Debug */ = {
			isa = XCBuildConfiguration;
			buildSettings = {
				ASSETCATALOG_COMPILER_APPICON_NAME = AppIcon;
				ASSETCATALOG_COMPILER_LAUNCHIMAGE_NAME = LaunchImage;
				GCC_PRECOMPILE_PREFIX_HEADER = YES;
				GCC_PREFIX_HEADER = "StoreSearch/StoreSearch-Prefix.pch";
				INFOPLIST_FILE = "StoreSearch/StoreSearch-Info.plist";
				PRODUCT_NAME = "$(TARGET_NAME)";
				WRAPPER_EXTENSION = app;
			};
			name = Debug;
		};
		65C950E518E8FC86000354C9 /* Release */ = {
			isa = XCBuildConfiguration;
			buildSettings = {
				ASSETCATALOG_COMPILER_APPICON_NAME = AppIcon;
				ASSETCATALOG_COMPILER_LAUNCHIMAGE_NAME = LaunchImage;
				GCC_PRECOMPILE_PREFIX_HEADER = YES;
				GCC_PREFIX_HEADER = "StoreSearch/StoreSearch-Prefix.pch";
				INFOPLIST_FILE = "StoreSearch/StoreSearch-Info.plist";
				PRODUCT_NAME = "$(TARGET_NAME)";
				WRAPPER_EXTENSION = app;
			};
			name = Release;
		};
		65C950E718E8FC86000354C9 /* Debug */ = {
			isa = XCBuildConfiguration;
			buildSettings = {
				BUNDLE_LOADER = "$(BUILT_PRODUCTS_DIR)/StoreSearch.app/StoreSearch";
				FRAMEWORK_SEARCH_PATHS = (
					"$(SDKROOT)/Developer/Library/Frameworks",
					"$(inherited)",
					"$(DEVELOPER_FRAMEWORKS_DIR)",
				);
				GCC_PRECOMPILE_PREFIX_HEADER = YES;
				GCC_PREFIX_HEADER = "StoreSearch/StoreSearch-Prefix.pch";
				GCC_PREPROCESSOR_DEFINITIONS = (
					"DEBUG=1",
					"$(inherited)",
				);
				INFOPLIST_FILE = "StoreSearchTests/StoreSearchTests-Info.plist";
				PRODUCT_NAME = "$(TARGET_NAME)";
				TEST_HOST = "$(BUNDLE_LOADER)";
				WRAPPER_EXTENSION = xctest;
			};
			name = Debug;
		};
		65C950E818E8FC86000354C9 /* Release */ = {
			isa = XCBuildConfiguration;
			buildSettings = {
				BUNDLE_LOADER = "$(BUILT_PRODUCTS_DIR)/StoreSearch.app/StoreSearch";
				FRAMEWORK_SEARCH_PATHS = (
					"$(SDKROOT)/Developer/Library/Frameworks",
					"$(inherited)",
					"$(DEVELOPER_FRAMEWORKS_DIR)",
				);
				GCC_PRECOMPILE_PREFIX_HEADER = YES;
				GCC_PREFIX_HEADER = "StoreSearch/StoreSearch-Prefix.pch";
				INFOPLIST_FILE = "StoreSearchTests/StoreSearchTests-Info.plist";
				PRODUCT_NAME = "$(TARGET_NAME)";
				TEST_HOST = "$(BUNDLE_LOADER)";
				WRAPPER_EXTENSION = xctest;
			};
			name = Release;
		};
/* End XCBuildConfiguration section */

/* Begin XCConfigurationList section */
		65C950AC18E8FC85000354C9 /* Build configuration list for PBXProject "StoreSearch" */ = {
			isa = XCConfigurationList;
			buildConfigurations = (
				65C950E118E8FC86000354C9 /* Debug */,
				65C950E218E8FC86000354C9 /* Release */,
			);
			defaultConfigurationIsVisible = 0;
			defaultConfigurationName = Release;
		};
		65C950E318E8FC86000354C9 /* Build configuration list for PBXNativeTarget "StoreSearch" */ = {
			isa = XCConfigurationList;
			buildConfigurations = (
				65C950E418E8FC86000354C9 /* Debug */,
				65C950E518E8FC86000354C9 /* Release */,
			);
			defaultConfigurationIsVisible = 0;
		};
		65C950E618E8FC86000354C9 /* Build configuration list for PBXNativeTarget "StoreSearchTests" */ = {
			isa = XCConfigurationList;
			buildConfigurations = (
				65C950E718E8FC86000354C9 /* Debug */,
				65C950E818E8FC86000354C9 /* Release */,
			);
			defaultConfigurationIsVisible = 0;
		};
/* End XCConfigurationList section */
	};
	rootObject = 65C950A918E8FC85000354C9 /* Project object */;
}
